
Microsoft Visual Studio Solution File, Format Version 12.00
# Visual Studio Version 17
VisualStudioVersion = 17.2.32602.215
MinimumVisualStudioVersion = 10.0.40219.1
Project("{FAE04EC0-301F-11D3-BF4B-00C04F79EFBC}") = "S4L1-2C", "S4L1-2C\S4L1-2C.csproj", "{729A0F56-D77B-4B97-8961-CB0792E9DD6B}"
EndProject
Global
	GlobalSection(SolutionConfigurationPlatforms) = preSolution
		Debug|Any CPU = Debug|Any CPU
		Release|Any CPU = Release|Any CPU
	EndGlobalSection
	GlobalSection(ProjectConfigurationPlatforms) = postSolution
		{729A0F56-D77B-4B97-8961-CB0792E9DD6B}.Debug|Any CPU.ActiveCfg = Debug|Any CPU
		{729A0F56-D77B-4B97-8961-CB0792E9DD6B}.Debug|Any CPU.Build.0 = Debug|Any CPU
		{729A0F56-D77B-4B97-8961-CB0792E9DD6B}.Release|Any CPU.ActiveCfg = Release|Any CPU
		{729A0F56-D77B-4B97-8961-CB0792E9DD6B}.Release|Any CPU.Build.0 = Release|Any CPU
	EndGlobalSection
	GlobalSection(SolutionProperties) = preSolution
		HideSolutionNode = FALSE
	EndGlobalSection
	GlobalSection(ExtensibilityGlobals) = postSolution
		SolutionGuid = {3CB5638B-9259-4476-8C7C-F32B273FFE6C}
	EndGlobalSection
EndGlobal
